
Microsoft Visual Studio Solution File, Format Version 12.00
# Visual Studio Version 16
VisualStudioVersion = 16.0.30804.86
MinimumVisualStudioVersion = 10.0.40219.1
Project("{9A19103F-16F7-4668-BE54-9A1E7A4F7556}") = "Entities", "Entities\Entities.csproj", "{1EB20349-DAC2-4BBC-83A4-CCDA765ECEF5}"
EndProject
Project("{9A19103F-16F7-4668-BE54-9A1E7A4F7556}") = "DataAccess", "DataAccess\DataAccess.csproj", "{6EEF3ED9-7689-4DC4-B7B6-A87630B6DF97}"
EndProject
Project("{9A19103F-16F7-4668-BE54-9A1E7A4F7556}") = "Business", "Business\Business.csproj", "{A23F961C-0314-4B8D-B18D-F697E900C178}"
EndProject
Project("{9A19103F-16F7-4668-BE54-9A1E7A4F7556}") = "ConsoleUI", "ConsoleUI\ConsoleUI.csproj", "{8C7F8CAD-3E33-42A6-BAED-15D4735CE5CF}"
EndProject
Project("{9A19103F-16F7-4668-BE54-9A1E7A4F7556}") = "Core", "Core\Core.csproj", "{6CCC0FA5-6402-4D8A-A243-79E082900CB6}"
EndProject
Project("{FAE04EC0-301F-11D3-BF4B-00C04F79EFBC}") = "WebAPI", "WebAPI\WebAPI.csproj", "{6235E777-C06D-4017-97A7-CD8A816D2373}"
EndProject
Global
	GlobalSection(SolutionConfigurationPlatforms) = preSolution
		Debug|Any CPU = Debug|Any CPU
		Release|Any CPU = Release|Any CPU
	EndGlobalSection
	GlobalSection(ProjectConfigurationPlatforms) = postSolution
		{1EB20349-DAC2-4BBC-83A4-CCDA765ECEF5}.Debug|Any CPU.ActiveCfg = Debug|Any CPU
		{1EB20349-DAC2-4BBC-83A4-CCDA765ECEF5}.Debug|Any CPU.Build.0 = Debug|Any CPU
		{1EB20349-DAC2-4BBC-83A4-CCDA765ECEF5}.Release|Any CPU.ActiveCfg = Release|Any CPU
		{1EB20349-DAC2-4BBC-83A4-CCDA765ECEF5}.Release|Any CPU.Build.0 = Release|Any CPU
		{6EEF3ED9-7689-4DC4-B7B6-A87630B6DF97}.Debug|Any CPU.ActiveCfg = Debug|Any CPU
		{6EEF3ED9-7689-4DC4-B7B6-A87630B6DF97}.Debug|Any CPU.Build.0 = Debug|Any CPU
		{6EEF3ED9-7689-4DC4-B7B6-A87630B6DF97}.Release|Any CPU.ActiveCfg = Release|Any CPU
		{6EEF3ED9-7689-4DC4-B7B6-A87630B6DF97}.Release|Any CPU.Build.0 = Release|Any CPU
		{A23F961C-0314-4B8D-B18D-F697E900C178}.Debug|Any CPU.ActiveCfg = Debug|Any CPU
		{A23F961C-0314-4B8D-B18D-F697E900C178}.Debug|Any CPU.Build.0 = Debug|Any CPU
		{A23F961C-0314-4B8D-B18D-F697E900C178}.Release|Any CPU.ActiveCfg = Release|Any CPU
		{A23F961C-0314-4B8D-B18D-F697E900C178}.Release|Any CPU.Build.0 = Release|Any CPU
		{8C7F8CAD-3E33-42A6-BAED-15D4735CE5CF}.Debug|Any CPU.ActiveCfg = Debug|Any CPU
		{8C7F8CAD-3E33-42A6-BAED-15D4735CE5CF}.Debug|Any CPU.Build.0 = Debug|Any CPU
		{8C7F8CAD-3E33-42A6-BAED-15D4735CE5CF}.Release|Any CPU.ActiveCfg = Release|Any CPU
		{8C7F8CAD-3E33-42A6-BAED-15D4735CE5CF}.Release|Any CPU.Build.0 = Release|Any CPU
		{6CCC0FA5-6402-4D8A-A243-79E082900CB6}.Debug|Any CPU.ActiveCfg = Debug|Any CPU
		{6CCC0FA5-6402-4D8A-A243-79E082900CB6}.Debug|Any CPU.Build.0 = Debug|Any CPU
		{6CCC0FA5-6402-4D8A-A243-79E082900CB6}.Release|Any CPU.ActiveCfg = Release|Any CPU
		{6CCC0FA5-6402-4D8A-A243-79E082900CB6}.Release|Any CPU.Build.0 = Release|Any CPU
		{6235E777-C06D-4017-97A7-CD8A816D2373}.Debug|Any CPU.ActiveCfg = Debug|Any CPU
		{6235E777-C06D-4017-97A7-CD8A816D2373}.Debug|Any CPU.Build.0 = Debug|Any CPU
		{6235E777-C06D-4017-97A7-CD8A816D2373}.Release|Any CPU.ActiveCfg = Release|Any CPU
		{6235E777-C06D-4017-97A7-CD8A816D2373}.Release|Any CPU.Build.0 = Release|Any CPU
	EndGlobalSection
	GlobalSection(SolutionProperties) = preSolution
		HideSolutionNode = FALSE
	EndGlobalSection
	GlobalSection(ExtensibilityGlobals) = postSolution
		SolutionGuid = {6DB47CC9-97CC-4718-9681-DD9581DAF8F4}
	EndGlobalSection
EndGlobal
